// !$*UTF8*$!
{
	archiveVersion = 1;
	classes = {
	};
	objectVersion = 55;
	objects = {

/* Begin PBXBuildFile section */
		6512C6B9280B291600C44FEC /* AppDelegate.swift in Sources */ = {isa = PBXBuildFile; fileRef = 6512C6B8280B291600C44FEC /* AppDelegate.swift */; };
		6512C6BB280B291600C44FEC /* SceneDelegate.swift in Sources */ = {isa = PBXBuildFile; fileRef = 6512C6BA280B291600C44FEC /* SceneDelegate.swift */; };
		6512C6BD280B291600C44FEC /* ViewController.swift in Sources */ = {isa = PBXBuildFile; fileRef = 6512C6BC280B291600C44FEC /* ViewController.swift */; };
		6512C6C2280B291600C44FEC /* Assets.xcassets in Resources */ = {isa = PBXBuildFile; fileRef = 6512C6C1280B291600C44FEC /* Assets.xcassets */; };
		6512C6C5280B291600C44FEC /* LaunchScreen.storyboard in Resources */ = {isa = PBXBuildFile; fileRef = 6512C6C3280B291600C44FEC /* LaunchScreen.storyboard */; };
		6512C6CF280B2A0200C44FEC /* ExampleConfiguration.storekit in Resources */ = {isa = PBXBuildFile; fileRef = 6512C6CE280B2A0200C44FEC /* ExampleConfiguration.storekit */; };
		65EEFE89280B2EB800D843BC /* TipJarView.swift in Sources */ = {isa = PBXBuildFile; fileRef = 65EEFE88280B2EB800D843BC /* TipJarView.swift */; };
		65EEFE8C280B328100D843BC /* SwiftTipJar in Frameworks */ = {isa = PBXBuildFile; productRef = 65EEFE8B280B328100D843BC /* SwiftTipJar */; };
/* End PBXBuildFile section */

/* Begin PBXFileReference section */
		6512C6B5280B291600C44FEC /* UIKit Example.app */ = {isa = PBXFileReference; explicitFileType = wrapper.application; includeInIndex = 0; path = "UIKit Example.app"; sourceTree = BUILT_PRODUCTS_DIR; };
		6512C6B8280B291600C44FEC /* AppDelegate.swift */ = {isa = PBXFileReference; lastKnownFileType = sourcecode.swift; path = AppDelegate.swift; sourceTree = "<group>"; };
		6512C6BA280B291600C44FEC /* SceneDelegate.swift */ = {isa = PBXFileReference; lastKnownFileType = sourcecode.swift; path = SceneDelegate.swift; sourceTree = "<group>"; };
		6512C6BC280B291600C44FEC /* ViewController.swift */ = {isa = PBXFileReference; lastKnownFileType = sourcecode.swift; path = ViewController.swift; sourceTree = "<group>"; };
		6512C6C1280B291600C44FEC /* Assets.xcassets */ = {isa = PBXFileReference; lastKnownFileType = folder.assetcatalog; path = Assets.xcassets; sourceTree = "<group>"; };
		6512C6C4280B291600C44FEC /* Base */ = {isa = PBXFileReference; lastKnownFileType = file.storyboard; name = Base; path = Base.lproj/LaunchScreen.storyboard; sourceTree = "<group>"; };
		6512C6C6280B291600C44FEC /* Info.plist */ = {isa = PBXFileReference; lastKnownFileType = text.plist.xml; path = Info.plist; sourceTree = "<group>"; };
		6512C6CC280B29C700C44FEC /* README.md */ = {isa = PBXFileReference; lastKnownFileType = net.daringfireball.markdown; path = README.md; sourceTree = "<group>"; };
		6512C6CE280B2A0200C44FEC /* ExampleConfiguration.storekit */ = {isa = PBXFileReference; fileEncoding = 4; lastKnownFileType = text; path = ExampleConfiguration.storekit; sourceTree = "<group>"; };
		65EEFE88280B2EB800D843BC /* TipJarView.swift */ = {isa = PBXFileReference; lastKnownFileType = sourcecode.swift; path = TipJarView.swift; sourceTree = "<group>"; };
		65EEFE8D280B40F000D843BC /* 2.png */ = {isa = PBXFileReference; lastKnownFileType = image.png; path = 2.png; sourceTree = "<group>"; };
		65EEFE8E280B40F000D843BC /* 4.png */ = {isa = PBXFileReference; lastKnownFileType = image.png; path = 4.png; sourceTree = "<group>"; };
		65EEFE8F280B40F000D843BC /* 1.png */ = {isa = PBXFileReference; lastKnownFileType = image.png; path = 1.png; sourceTree = "<group>"; };
		65EEFE90280B40F000D843BC /* 3.png */ = {isa = PBXFileReference; lastKnownFileType = image.png; path = 3.png; sourceTree = "<group>"; };
/* End PBXFileReference section */

/* Begin PBXFrameworksBuildPhase section */
		6512C6B2280B291600C44FEC /* Frameworks */ = {
			isa = PBXFrameworksBuildPhase;
			buildActionMask = 2147483647;
			files = (
				65EEFE8C280B328100D843BC /* SwiftTipJar in Frameworks */,
			);
			runOnlyForDeploymentPostprocessing = 0;
		};
/* End PBXFrameworksBuildPhase section */

/* Begin PBXGroup section */
		6512C6AC280B291600C44FEC = {
			isa = PBXGroup;
			children = (
				6512C6CC280B29C700C44FEC /* README.md */,
				6512C6CD280B29CE00C44FEC /* Screenshots */,
				6512C6B7280B291600C44FEC /* UIKit Example */,
				6512C6B6280B291600C44FEC /* Products */,
				65EEFE8A280B328100D843BC /* Frameworks */,
			);
			sourceTree = "<group>";
		};
		6512C6B6280B291600C44FEC /* Products */ = {
			isa = PBXGroup;
			children = (
				6512C6B5280B291600C44FEC /* UIKit Example.app */,
			);
			name = Products;
			sourceTree = "<group>";
		};
		6512C6B7280B291600C44FEC /* UIKit Example */ = {
			isa = PBXGroup;
			children = (
				6512C6CE280B2A0200C44FEC /* ExampleConfiguration.storekit */,
				6512C6B8280B291600C44FEC /* AppDelegate.swift */,
				6512C6BA280B291600C44FEC /* SceneDelegate.swift */,
				6512C6BC280B291600C44FEC /* ViewController.swift */,
				65EEFE88280B2EB800D843BC /* TipJarView.swift */,
				6512C6C1280B291600C44FEC /* Assets.xcassets */,
				6512C6C3280B291600C44FEC /* LaunchScreen.storyboard */,
				6512C6C6280B291600C44FEC /* Info.plist */,
			);
			path = "UIKit Example";
			sourceTree = "<group>";
		};
		6512C6CD280B29CE00C44FEC /* Screenshots */ = {
			isa = PBXGroup;
			children = (
				65EEFE8F280B40F000D843BC /* 1.png */,
				65EEFE8D280B40F000D843BC /* 2.png */,
				65EEFE90280B40F000D843BC /* 3.png */,
				65EEFE8E280B40F000D843BC /* 4.png */,
			);
			path = Screenshots;
			sourceTree = "<group>";
		};
		65EEFE8A280B328100D843BC /* Frameworks */ = {
			isa = PBXGroup;
			children = (
			);
			name = Frameworks;
			sourceTree = "<group>";
		};
/* End PBXGroup section */

/* Begin PBXNativeTarget section */
		6512C6B4280B291600C44FEC /* UIKit Example */ = {
			isa = PBXNativeTarget;
			buildConfigurationList = 6512C6C9280B291600C44FEC /* Build configuration list for PBXNativeTarget "UIKit Example" */;
			buildPhases = (
				6512C6B1280B291600C44FEC /* Sources */,
				6512C6B2280B291600C44FEC /* Frameworks */,
				6512C6B3280B291600C44FEC /* Resources */,
			);
			buildRules = (
			);
			dependencies = (
			);
			name = "UIKit Example";
			packageProductDependencies = (
				65EEFE8B280B328100D843BC /* SwiftTipJar */,
			);
			productName = "UIKit Example";
			productReference = 6512C6B5280B291600C44FEC /* UIKit Example.app */;
			productType = "com.apple.product-type.application";
		};
/* End PBXNativeTarget section */

/* Begin PBXProject section */
		6512C6AD280B291600C44FEC /* Project object */ = {
			isa = PBXProject;
			attributes = {
				BuildIndependentTargetsInParallel = 1;
				LastSwiftUpdateCheck = 1330;
				LastUpgradeCheck = 1330;
				TargetAttributes = {
					6512C6B4280B291600C44FEC = {
						CreatedOnToolsVersion = 13.3;
					};
				};
			};
			buildConfigurationList = 6512C6B0280B291600C44FEC /* Build configuration list for PBXProject "SwiftTipJar-UIKit-Example" */;
			compatibilityVersion = "Xcode 13.0";
			developmentRegion = en;
			hasScannedForEncodings = 0;
			knownRegions = (
				en,
				Base,
			);
			mainGroup = 6512C6AC280B291600C44FEC;
			packageReferences = (
				6512C6D1280B2CA700C44FEC /* XCRemoteSwiftPackageReference "SwiftTipJar" */,
			);
			productRefGroup = 6512C6B6280B291600C44FEC /* Products */;
			projectDirPath = "";
			projectRoot = "";
			targets = (
				6512C6B4280B291600C44FEC /* UIKit Example */,
			);
		};
/* End PBXProject section */

/* Begin PBXResourcesBuildPhase section */
		6512C6B3280B291600C44FEC /* Resources */ = {
			isa = PBXResourcesBuildPhase;
			buildActionMask = 2147483647;
			files = (
				6512C6CF280B2A0200C44FEC /* ExampleConfiguration.storekit in Resources */,
				6512C6C5280B291600C44FEC /* LaunchScreen.storyboard in Resources */,
				6512C6C2280B291600C44FEC /* Assets.xcassets in Resources */,
			);
			runOnlyForDeploymentPostprocessing = 0;
		};
/* End PBXResourcesBuildPhase section */

/* Begin PBXSourcesBuildPhase section */
		6512C6B1280B291600C44FEC /* Sources */ = {
			isa = PBXSourcesBuildPhase;
			buildActionMask = 2147483647;
			files = (
				65EEFE89280B2EB800D843BC /* TipJarView.swift in Sources */,
				6512C6BD280B291600C44FEC /* ViewController.swift in Sources */,
				6512C6B9280B291600C44FEC /* AppDelegate.swift in Sources */,
				6512C6BB280B291600C44FEC /* SceneDelegate.swift in Sources */,
			);
			runOnlyForDeploymentPostprocessing = 0;
		};
/* End PBXSourcesBuildPhase section */

/* Begin PBXVariantGroup section */
		6512C6C3280B291600C44FEC /* LaunchScreen.storyboard */ = {
			isa = PBXVariantGroup;
			children = (
				6512C6C4280B291600C44FEC /* Base */,
			);
			name = LaunchScreen.storyboard;
			sourceTree = "<group>";
		};
/* End PBXVariantGroup section */

/* Begin XCBuildConfiguration section */
		6512C6C7280B291600C44FEC /* Debug */ = {
			isa = XCBuildConfiguration;
			buildSettings = {
				ALWAYS_SEARCH_USER_PATHS = NO;
				CLANG_ANALYZER_NONNULL = YES;
				CLANG_ANALYZER_NUMBER_OBJECT_CONVERSION = YES_AGGRESSIVE;
				CLANG_CXX_LANGUAGE_STANDARD = "gnu++17";
				CLANG_ENABLE_MODULES = YES;
				CLANG_ENABLE_OBJC_ARC = YES;
				CLANG_ENABLE_OBJC_WEAK = YES;
				CLANG_WARN_BLOCK_CAPTURE_AUTORELEASING = YES;
				CLANG_WARN_BOOL_CONVERSION = YES;
				CLANG_WARN_COMMA = YES;
				CLANG_WARN_CONSTANT_CONVERSION = YES;
				CLANG_WARN_DEPRECATED_OBJC_IMPLEMENTATIONS = YES;
				CLANG_WARN_DIRECT_OBJC_ISA_USAGE = YES_ERROR;
				CLANG_WARN_DOCUMENTATION_COMMENTS = YES;
				CLANG_WARN_EMPTY_BODY = YES;
				CLANG_WARN_ENUM_CONVERSION = YES;
				CLANG_WARN_INFINITE_RECURSION = YES;
				CLANG_WARN_INT_CONVERSION = YES;
				CLANG_WARN_NON_LITERAL_NULL_CONVERSION = YES;
				CLANG_WARN_OBJC_IMPLICIT_RETAIN_SELF = YES;
				CLANG_WARN_OBJC_LITERAL_CONVERSION = YES;
				CLANG_WARN_OBJC_ROOT_CLASS = YES_ERROR;
				CLANG_WARN_QUOTED_INCLUDE_IN_FRAMEWORK_HEADER = YES;
				CLANG_WARN_RANGE_LOOP_ANALYSIS = YES;
				CLANG_WARN_STRICT_PROTOTYPES = YES;
				CLANG_WARN_SUSPICIOUS_MOVE = YES;
				CLANG_WARN_UNGUARDED_AVAILABILITY = YES_AGGRESSIVE;
				CLANG_WARN_UNREACHABLE_CODE = YES;
				CLANG_WARN__DUPLICATE_METHOD_MATCH = YES;
				COPY_PHASE_STRIP = NO;
				DEBUG_INFORMATION_FORMAT = dwarf;
				ENABLE_STRICT_OBJC_MSGSEND = YES;
				ENABLE_TESTABILITY = YES;
				GCC_C_LANGUAGE_STANDARD = gnu11;
				GCC_DYNAMIC_NO_PIC = NO;
				GCC_NO_COMMON_BLOCKS = YES;
				GCC_OPTIMIZATION_LEVEL = 0;
				GCC_PREPROCESSOR_DEFINITIONS = (
					"DEBUG=1",
					"$(inherited)",
				);
				GCC_WARN_64_TO_32_BIT_CONVERSION = YES;
				GCC_WARN_ABOUT_RETURN_TYPE = YES_ERROR;
				GCC_WARN_UNDECLARED_SELECTOR = YES;
				GCC_WARN_UNINITIALIZED_AUTOS = YES_AGGRESSIVE;
				GCC_WARN_UNUSED_FUNCTION = YES;
				GCC_WARN_UNUSED_VARIABLE = YES;
				IPHONEOS_DEPLOYMENT_TARGET = 15.4;
				MTL_ENABLE_DEBUG_INFO = INCLUDE_SOURCE;
				MTL_FAST_MATH = YES;
				ONLY_ACTIVE_ARCH = YES;
				SDKROOT = iphoneos;
				SWIFT_ACTIVE_COMPILATION_CONDITIONS = DEBUG;
				SWIFT_OPTIMIZATION_LEVEL = "-Onone";
			};
			name = Debug;
		};
		6512C6C8280B291600C44FEC /* Release */ = {
			isa = XCBuildConfiguration;
			buildSettings = {
				ALWAYS_SEARCH_USER_PATHS = NO;
				CLANG_ANALYZER_NONNULL = YES;
				CLANG_ANALYZER_NUMBER_OBJECT_CONVERSION = YES_AGGRESSIVE;
				CLANG_CXX_LANGUAGE_STANDARD = "gnu++17";
				CLANG_ENABLE_MODULES = YES;
				CLANG_ENABLE_OBJC_ARC = YES;
				CLANG_ENABLE_OBJC_WEAK = YES;
				CLANG_WARN_BLOCK_CAPTURE_AUTORELEASING = YES;
				CLANG_WARN_BOOL_CONVERSION = YES;
				CLANG_WARN_COMMA = YES;
				CLANG_WARN_CONSTANT_CONVERSION = YES;
				CLANG_WARN_DEPRECATED_OBJC_IMPLEMENTATIONS = YES;
				CLANG_WARN_DIRECT_OBJC_ISA_USAGE = YES_ERROR;
				CLANG_WARN_DOCUMENTATION_COMMENTS = YES;
				CLANG_WARN_EMPTY_BODY = YES;
				CLANG_WARN_ENUM_CONVERSION = YES;
				CLANG_WARN_INFINITE_RECURSION = YES;
				CLANG_WARN_INT_CONVERSION = YES;
				CLANG_WARN_NON_LITERAL_NULL_CONVERSION = YES;
				CLANG_WARN_OBJC_IMPLICIT_RETAIN_SELF = YES;
				CLANG_WARN_OBJC_LITERAL_CONVERSION = YES;
				CLANG_WARN_OBJC_ROOT_CLASS = YES_ERROR;
				CLANG_WARN_QUOTED_INCLUDE_IN_FRAMEWORK_HEADER = YES;
				CLANG_WARN_RANGE_LOOP_ANALYSIS = YES;
				CLANG_WARN_STRICT_PROTOTYPES = YES;
				CLANG_WARN_SUSPICIOUS_MOVE = YES;
				CLANG_WARN_UNGUARDED_AVAILABILITY = YES_AGGRESSIVE;
				CLANG_WARN_UNREACHABLE_CODE = YES;
				CLANG_WARN__DUPLICATE_METHOD_MATCH = YES;
				COPY_PHASE_STRIP = NO;
				DEBUG_INFORMATION_FORMAT = "dwarf-with-dsym";
				ENABLE_NS_ASSERTIONS = NO;
				ENABLE_STRICT_OBJC_MSGSEND = YES;
				GCC_C_LANGUAGE_STANDARD = gnu11;
				GCC_NO_COMMON_BLOCKS = YES;
				GCC_WARN_64_TO_32_BIT_CONVERSION = YES;
				GCC_WARN_ABOUT_RETURN_TYPE = YES_ERROR;
				GCC_WARN_UNDECLARED_SELECTOR = YES;
				GCC_WARN_UNINITIALIZED_AUTOS = YES_AGGRESSIVE;
				GCC_WARN_UNUSED_FUNCTION = YES;
				GCC_WARN_UNUSED_VARIABLE = YES;
				IPHONEOS_DEPLOYMENT_TARGET = 15.4;
				MTL_ENABLE_DEBUG_INFO = NO;
				MTL_FAST_MATH = YES;
				SDKROOT = iphoneos;
				SWIFT_COMPILATION_MODE = wholemodule;
				SWIFT_OPTIMIZATION_LEVEL = "-O";
				VALIDATE_PRODUCT = YES;
			};
			name = Release;
		};
		6512C6CA280B291600C44FEC /* Debug */ = {
			isa = XCBuildConfiguration;
			buildSettings = {
				ASSETCATALOG_COMPILER_APPICON_NAME = AppIcon;
				ASSETCATALOG_COMPILER_GLOBAL_ACCENT_COLOR_NAME = AccentColor;
				CODE_SIGN_STYLE = Automatic;
				CURRENT_PROJECT_VERSION = 1;
				DEVELOPMENT_TEAM = 99C945DQTQ;
				GENERATE_INFOPLIST_FILE = YES;
				INFOPLIST_FILE = "UIKit Example/Info.plist";
				INFOPLIST_KEY_CFBundleDisplayName = "SwiftTipJar UIKit Example";
				INFOPLIST_KEY_UIApplicationSupportsIndirectInputEvents = YES;
				INFOPLIST_KEY_UILaunchStoryboardName = LaunchScreen;
				INFOPLIST_KEY_UISupportedInterfaceOrientations_iPad = "UIInterfaceOrientationPortrait UIInterfaceOrientationPortraitUpsideDown UIInterfaceOrientationLandscapeLeft UIInterfaceOrientationLandscapeRight";
				INFOPLIST_KEY_UISupportedInterfaceOrientations_iPhone = "UIInterfaceOrientationPortrait UIInterfaceOrientationLandscapeLeft UIInterfaceOrientationLandscapeRight";
				IPHONEOS_DEPLOYMENT_TARGET = 14.0;
				LD_RUNPATH_SEARCH_PATHS = (
					"$(inherited)",
					"@executable_path/Frameworks",
				);
				MARKETING_VERSION = 1.0;
				PRODUCT_BUNDLE_IDENTIFIER = "hr.ux-first.SwiftTipJarExample.UIKit";
				PRODUCT_NAME = "$(TARGET_NAME)";
				SWIFT_EMIT_LOC_STRINGS = YES;
				SWIFT_VERSION = 5.0;
				TARGETED_DEVICE_FAMILY = 1;
			};
			name = Debug;
		};
		6512C6CB280B291600C44FEC /* Release */ = {
			isa = XCBuildConfiguration;
			buildSettings = {
				ASSETCATALOG_COMPILER_APPICON_NAME = AppIcon;
				ASSETCATALOG_COMPILER_GLOBAL_ACCENT_COLOR_NAME = AccentColor;
				CODE_SIGN_STYLE = Automatic;
				CURRENT_PROJECT_VERSION = 1;
				DEVELOPMENT_TEAM = 99C945DQTQ;
				GENERATE_INFOPLIST_FILE = YES;
				INFOPLIST_FILE = "UIKit Example/Info.plist";
				INFOPLIST_KEY_CFBundleDisplayName = "SwiftTipJar UIKit Example";
				INFOPLIST_KEY_UIApplicationSupportsIndirectInputEvents = YES;
				INFOPLIST_KEY_UILaunchStoryboardName = LaunchScreen;
				INFOPLIST_KEY_UISupportedInterfaceOrientations_iPad = "UIInterfaceOrientationPortrait UIInterfaceOrientationPortraitUpsideDown UIInterfaceOrientationLandscapeLeft UIInterfaceOrientationLandscapeRight";
				INFOPLIST_KEY_UISupportedInterfaceOrientations_iPhone = "UIInterfaceOrientationPortrait UIInterfaceOrientationLandscapeLeft UIInterfaceOrientationLandscapeRight";
				IPHONEOS_DEPLOYMENT_TARGET = 14.0;
				LD_RUNPATH_SEARCH_PATHS = (
					"$(inherited)",
					"@executable_path/Frameworks",
				);
				MARKETING_VERSION = 1.0;
				PRODUCT_BUNDLE_IDENTIFIER = "hr.ux-first.SwiftTipJarExample.UIKit";
				PRODUCT_NAME = "$(TARGET_NAME)";
				SWIFT_EMIT_LOC_STRINGS = YES;
				SWIFT_VERSION = 5.0;
				TARGETED_DEVICE_FAMILY = 1;
			};
			name = Release;
		};
/* End XCBuildConfiguration section */

/* Begin XCConfigurationList section */
		6512C6B0280B291600C44FEC /* Build configuration list for PBXProject "SwiftTipJar-UIKit-Example" */ = {
			isa = XCConfigurationList;
			buildConfigurations = (
				6512C6C7280B291600C44FEC /* Debug */,
				6512C6C8280B291600C44FEC /* Release */,
			);
			defaultConfigurationIsVisible = 0;
			defaultConfigurationName = Release;
		};
		6512C6C9280B291600C44FEC /* Build configuration list for PBXNativeTarget "UIKit Example" */ = {
			isa = XCConfigurationList;
			buildConfigurations = (
				6512C6CA280B291600C44FEC /* Debug */,
				6512C6CB280B291600C44FEC /* Release */,
			);
			defaultConfigurationIsVisible = 0;
			defaultConfigurationName = Release;
		};
/* End XCConfigurationList section */

/* Begin XCRemoteSwiftPackageReference section */
		6512C6D1280B2CA700C44FEC /* XCRemoteSwiftPackageReference "SwiftTipJar" */ = {
			isa = XCRemoteSwiftPackageReference;
			repositoryURL = "https://github.com/dkasaj/SwiftTipJar.git";
			requirement = {
				branch = main;
				kind = branch;
			};
		};
/* End XCRemoteSwiftPackageReference section */

/* Begin XCSwiftPackageProductDependency section */
		65EEFE8B280B328100D843BC /* SwiftTipJar */ = {
			isa = XCSwiftPackageProductDependency;
			package = 6512C6D1280B2CA700C44FEC /* XCRemoteSwiftPackageReference "SwiftTipJar" */;
			productName = SwiftTipJar;
		};
/* End XCSwiftPackageProductDependency section */
	};
	rootObject = 6512C6AD280B291600C44FEC /* Project object */;
}
